
Microsoft Visual Studio Solution File, Format Version 12.00
# Visual Studio Version 16
VisualStudioVersion = 16.0.31702.278
MinimumVisualStudioVersion = 10.0.40219.1
Project("{FAE04EC0-301F-11D3-BF4B-00C04F79EFBC}") = "GardenMonitorAPI", "GardenMonitorAPI\GardenMonitorAPI.csproj", "{744C3E8B-9B24-4054-BB31-0646ADA10CB4}"
EndProject
Global
	GlobalSection(SolutionConfigurationPlatforms) = preSolution
		Debug|Any CPU = Debug|Any CPU
		Release|Any CPU = Release|Any CPU
	EndGlobalSection
	GlobalSection(ProjectConfigurationPlatforms) = postSolution
		{744C3E8B-9B24-4054-BB31-0646ADA10CB4}.Debug|Any CPU.ActiveCfg = Debug|Any CPU
		{744C3E8B-9B24-4054-BB31-0646ADA10CB4}.Debug|Any CPU.Build.0 = Debug|Any CPU
		{744C3E8B-9B24-4054-BB31-0646ADA10CB4}.Release|Any CPU.ActiveCfg = Release|Any CPU
		{744C3E8B-9B24-4054-BB31-0646ADA10CB4}.Release|Any CPU.Build.0 = Release|Any CPU
	EndGlobalSection
	GlobalSection(SolutionProperties) = preSolution
		HideSolutionNode = FALSE
	EndGlobalSection
	GlobalSection(ExtensibilityGlobals) = postSolution
		SolutionGuid = {E2B02C57-66BF-466D-A808-BAF7E06ABC1B}
	EndGlobalSection
EndGlobal
